
Microsoft Visual Studio Solution File, Format Version 12.00
# Visual Studio Version 16
VisualStudioVersion = 16.0.30114.105
MinimumVisualStudioVersion = 10.0.40219.1
Project("{FAE04EC0-301F-11D3-BF4B-00C04F79EFBC}") = "API", "API\API.csproj", "{EDACB5D9-A959-49FF-945F-975B32A4AAC8}"
EndProject
Project("{FAE04EC0-301F-11D3-BF4B-00C04F79EFBC}") = "Core", "Core\Core.csproj", "{382DD6B3-86BE-4429-94D2-24F562CB665C}"
EndProject
Project("{FAE04EC0-301F-11D3-BF4B-00C04F79EFBC}") = "Infrastructure", "Infrastructure\Infrastructure.csproj", "{2A391A48-2BDE-49BA-BA34-4DD71D924F20}"
EndProject
Global
	GlobalSection(SolutionConfigurationPlatforms) = preSolution
		Debug|Any CPU = Debug|Any CPU
		Release|Any CPU = Release|Any CPU
	EndGlobalSection
	GlobalSection(SolutionProperties) = preSolution
		HideSolutionNode = FALSE
	EndGlobalSection
	GlobalSection(ProjectConfigurationPlatforms) = postSolution
		{EDACB5D9-A959-49FF-945F-975B32A4AAC8}.Debug|Any CPU.ActiveCfg = Debug|Any CPU
		{EDACB5D9-A959-49FF-945F-975B32A4AAC8}.Debug|Any CPU.Build.0 = Debug|Any CPU
		{EDACB5D9-A959-49FF-945F-975B32A4AAC8}.Release|Any CPU.ActiveCfg = Release|Any CPU
		{EDACB5D9-A959-49FF-945F-975B32A4AAC8}.Release|Any CPU.Build.0 = Release|Any CPU
		{382DD6B3-86BE-4429-94D2-24F562CB665C}.Debug|Any CPU.ActiveCfg = Debug|Any CPU
		{382DD6B3-86BE-4429-94D2-24F562CB665C}.Debug|Any CPU.Build.0 = Debug|Any CPU
		{382DD6B3-86BE-4429-94D2-24F562CB665C}.Release|Any CPU.ActiveCfg = Release|Any CPU
		{382DD6B3-86BE-4429-94D2-24F562CB665C}.Release|Any CPU.Build.0 = Release|Any CPU
		{2A391A48-2BDE-49BA-BA34-4DD71D924F20}.Debug|Any CPU.ActiveCfg = Debug|Any CPU
		{2A391A48-2BDE-49BA-BA34-4DD71D924F20}.Debug|Any CPU.Build.0 = Debug|Any CPU
		{2A391A48-2BDE-49BA-BA34-4DD71D924F20}.Release|Any CPU.ActiveCfg = Release|Any CPU
		{2A391A48-2BDE-49BA-BA34-4DD71D924F20}.Release|Any CPU.Build.0 = Release|Any CPU
	EndGlobalSection
EndGlobal
